
Microsoft Visual Studio Solution File, Format Version 12.00
# Visual Studio Version 17
VisualStudioVersion = 17.8.34330.188
MinimumVisualStudioVersion = 10.0.40219.1
Project("{FAE04EC0-301F-11D3-BF4B-00C04F79EFBC}") = "WebAppAzureAss8", "WebAppAzureAss8\WebAppAzureAss8.csproj", "{9FD8C2A4-1F77-4F38-8808-A36A4893FEDB}"
EndProject
Global
	GlobalSection(SolutionConfigurationPlatforms) = preSolution
		Debug|Any CPU = Debug|Any CPU
		Release|Any CPU = Release|Any CPU
	EndGlobalSection
	GlobalSection(ProjectConfigurationPlatforms) = postSolution
		{9FD8C2A4-1F77-4F38-8808-A36A4893FEDB}.Debug|Any CPU.ActiveCfg = Debug|Any CPU
		{9FD8C2A4-1F77-4F38-8808-A36A4893FEDB}.Debug|Any CPU.Build.0 = Debug|Any CPU
		{9FD8C2A4-1F77-4F38-8808-A36A4893FEDB}.Release|Any CPU.ActiveCfg = Release|Any CPU
		{9FD8C2A4-1F77-4F38-8808-A36A4893FEDB}.Release|Any CPU.Build.0 = Release|Any CPU
	EndGlobalSection
	GlobalSection(SolutionProperties) = preSolution
		HideSolutionNode = FALSE
	EndGlobalSection
	GlobalSection(ExtensibilityGlobals) = postSolution
		SolutionGuid = {2DEA11A4-CB8E-47DA-9CF1-A276165AD4F8}
	EndGlobalSection
EndGlobal
